Microsoft Visual Studio Solution File, Format Version 11.00
# Visual Studio 2008

Project("{B454563F-95C6-9C20-F4E8-40477A7D0D6C}") = "Ouya", "Assembly-CSharp-firstpass-vs.csproj", "{BFFD7C04-54BD-8B05-4DD2-EDCBDC1230F2}"
EndProject
Project("{B454563F-95C6-9C20-F4E8-40477A7D0D6C}") = "Ouya", "Assembly-CSharp-vs.csproj", "{749D8224-695E-501F-3870-AE0054277F1B}"
EndProject
Project("{B454563F-95C6-9C20-F4E8-40477A7D0D6C}") = "Ouya", "Assembly-CSharp-Editor-vs.csproj", "{1BD20802-D45C-55D9-F929-6B5109B23854}"
EndProject
Global
	GlobalSection(SolutionConfigurationPlatforms) = preSolution
		Debug|Any CPU = Debug|Any CPU
		Release|Any CPU = Release|Any CPU
	EndGlobalSection
	GlobalSection(ProjectConfigurationPlatforms) = postSolution
		{BFFD7C04-54BD-8B05-4DD2-EDCBDC1230F2}.Debug|Any CPU.ActiveCfg = Debug|Any CPU
		{BFFD7C04-54BD-8B05-4DD2-EDCBDC1230F2}.Debug|Any CPU.Build.0 = Debug|Any CPU
		{BFFD7C04-54BD-8B05-4DD2-EDCBDC1230F2}.Release|Any CPU.ActiveCfg = Release|Any CPU
		{BFFD7C04-54BD-8B05-4DD2-EDCBDC1230F2}.Release|Any CPU.Build.0 = Release|Any CPU
		{749D8224-695E-501F-3870-AE0054277F1B}.Debug|Any CPU.ActiveCfg = Debug|Any CPU
		{749D8224-695E-501F-3870-AE0054277F1B}.Debug|Any CPU.Build.0 = Debug|Any CPU
		{749D8224-695E-501F-3870-AE0054277F1B}.Release|Any CPU.ActiveCfg = Release|Any CPU
		{749D8224-695E-501F-3870-AE0054277F1B}.Release|Any CPU.Build.0 = Release|Any CPU
		{1BD20802-D45C-55D9-F929-6B5109B23854}.Debug|Any CPU.ActiveCfg = Debug|Any CPU
		{1BD20802-D45C-55D9-F929-6B5109B23854}.Debug|Any CPU.Build.0 = Debug|Any CPU
		{1BD20802-D45C-55D9-F929-6B5109B23854}.Release|Any CPU.ActiveCfg = Release|Any CPU
		{1BD20802-D45C-55D9-F929-6B5109B23854}.Release|Any CPU.Build.0 = Release|Any CPU
	EndGlobalSection
	GlobalSection(SolutionProperties) = preSolution
		HideSolutionNode = FALSE
	EndGlobalSection
																															GlobalSection(MonoDevelopProperties) = preSolution
		StartupItem = Assembly-CSharp.csproj
		Policies = $0
		$0.TextStylePolicy = $1
		$1.inheritsSet = null
		$1.scope = text/x-csharp
		$0.CSharpFormattingPolicy = $2
		$2.inheritsSet = Mono
		$2.inheritsScope = text/x-csharp
		$2.scope = text/x-csharp
		$0.TextStylePolicy = $3
		$3.FileWidth = 120
		$3.TabWidth = 4
		$3.IndentWidth = 4
		$3.EolMarker = Unix
		$3.inheritsSet = Mono
		$3.inheritsScope = text/plain
		$3.scope = text/plain
	EndGlobalSection

EndGlobal
